
Microsoft Visual Studio Solution File, Format Version 12.00
# Visual Studio Version 17
VisualStudioVersion = 17.1.32421.90
MinimumVisualStudioVersion = 10.0.40219.1
Project("{FAE04EC0-301F-11D3-BF4B-00C04F79EFBC}") = "ComicChronology", "ComicChronology.csproj", "{74D4D346-B22C-4015-B088-AAFAAFFA38BE}"
EndProject
Global
	GlobalSection(SolutionConfigurationPlatforms) = preSolution
		Debug|Any CPU = Debug|Any CPU
		Release|Any CPU = Release|Any CPU
	EndGlobalSection
	GlobalSection(ProjectConfigurationPlatforms) = postSolution
		{74D4D346-B22C-4015-B088-AAFAAFFA38BE}.Debug|Any CPU.ActiveCfg = Debug|Any CPU
		{74D4D346-B22C-4015-B088-AAFAAFFA38BE}.Debug|Any CPU.Build.0 = Debug|Any CPU
		{74D4D346-B22C-4015-B088-AAFAAFFA38BE}.Release|Any CPU.ActiveCfg = Release|Any CPU
		{74D4D346-B22C-4015-B088-AAFAAFFA38BE}.Release|Any CPU.Build.0 = Release|Any CPU
	EndGlobalSection
	GlobalSection(SolutionProperties) = preSolution
		HideSolutionNode = FALSE
	EndGlobalSection
	GlobalSection(ExtensibilityGlobals) = postSolution
		SolutionGuid = {917D1E1A-C130-45F0-B27D-02B893D9EDF6}
	EndGlobalSection
EndGlobal
